
Microsoft Visual Studio Solution File, Format Version 12.00
# Visual Studio Version 17
VisualStudioVersion = 17.0.31903.59
MinimumVisualStudioVersion = 10.0.40219.1
Project("{2150E333-8FDC-42A3-9474-1A3956D46DE8}") = "src", "src", "{827E0CD3-B72D-47B6-A68D-7590B98EB39B}"
EndProject
Project("{FAE04EC0-301F-11D3-BF4B-00C04F79EFBC}") = "StockSimulator.Core", "src\StockSimulator.Core\StockSimulator.Core.csproj", "{851C162B-3E9B-4717-B45B-B02C23296C92}"
EndProject
Project("{FAE04EC0-301F-11D3-BF4B-00C04F79EFBC}") = "StockSimulator.Data", "src\StockSimulator.Data\StockSimulator.Data.csproj", "{42FCBB9E-8D9D-4919-BEA1-65F4116D8322}"
EndProject
Project("{FAE04EC0-301F-11D3-BF4B-00C04F79EFBC}") = "StockSimulator.Tests", "src\StockSimulator.Tests\StockSimulator.Tests.csproj", "{9E8AE40E-92D0-495D-B8EB-363250F23CA0}"
EndProject
Global
	GlobalSection(SolutionConfigurationPlatforms) = preSolution
		Debug|Any CPU = Debug|Any CPU
		Debug|x64 = Debug|x64
		Debug|x86 = Debug|x86
		Release|Any CPU = Release|Any CPU
		Release|x64 = Release|x64
		Release|x86 = Release|x86
	EndGlobalSection
	GlobalSection(ProjectConfigurationPlatforms) = postSolution
		{851C162B-3E9B-4717-B45B-B02C23296C92}.Debug|Any CPU.ActiveCfg = Debug|Any CPU
		{851C162B-3E9B-4717-B45B-B02C23296C92}.Debug|Any CPU.Build.0 = Debug|Any CPU
		{851C162B-3E9B-4717-B45B-B02C23296C92}.Debug|x64.ActiveCfg = Debug|Any CPU
		{851C162B-3E9B-4717-B45B-B02C23296C92}.Debug|x64.Build.0 = Debug|Any CPU
		{851C162B-3E9B-4717-B45B-B02C23296C92}.Debug|x86.ActiveCfg = Debug|Any CPU
		{851C162B-3E9B-4717-B45B-B02C23296C92}.Debug|x86.Build.0 = Debug|Any CPU
		{851C162B-3E9B-4717-B45B-B02C23296C92}.Release|Any CPU.ActiveCfg = Release|Any CPU
		{851C162B-3E9B-4717-B45B-B02C23296C92}.Release|Any CPU.Build.0 = Release|Any CPU
		{851C162B-3E9B-4717-B45B-B02C23296C92}.Release|x64.ActiveCfg = Release|Any CPU
		{851C162B-3E9B-4717-B45B-B02C23296C92}.Release|x64.Build.0 = Release|Any CPU
		{851C162B-3E9B-4717-B45B-B02C23296C92}.Release|x86.ActiveCfg = Release|Any CPU
		{851C162B-3E9B-4717-B45B-B02C23296C92}.Release|x86.Build.0 = Release|Any CPU
		{42FCBB9E-8D9D-4919-BEA1-65F4116D8322}.Debug|Any CPU.ActiveCfg = Debug|Any CPU
		{42FCBB9E-8D9D-4919-BEA1-65F4116D8322}.Debug|Any CPU.Build.0 = Debug|Any CPU
		{42FCBB9E-8D9D-4919-BEA1-65F4116D8322}.Debug|x64.ActiveCfg = Debug|Any CPU
		{42FCBB9E-8D9D-4919-BEA1-65F4116D8322}.Debug|x64.Build.0 = Debug|Any CPU
		{42FCBB9E-8D9D-4919-BEA1-65F4116D8322}.Debug|x86.ActiveCfg = Debug|Any CPU
		{42FCBB9E-8D9D-4919-BEA1-65F4116D8322}.Debug|x86.Build.0 = Debug|Any CPU
		{42FCBB9E-8D9D-4919-BEA1-65F4116D8322}.Release|Any CPU.ActiveCfg = Release|Any CPU
		{42FCBB9E-8D9D-4919-BEA1-65F4116D8322}.Release|Any CPU.Build.0 = Release|Any CPU
		{42FCBB9E-8D9D-4919-BEA1-65F4116D8322}.Release|x64.ActiveCfg = Release|Any CPU
		{42FCBB9E-8D9D-4919-BEA1-65F4116D8322}.Release|x64.Build.0 = Release|Any CPU
		{42FCBB9E-8D9D-4919-BEA1-65F4116D8322}.Release|x86.ActiveCfg = Release|Any CPU
		{42FCBB9E-8D9D-4919-BEA1-65F4116D8322}.Release|x86.Build.0 = Release|Any CPU
		{9E8AE40E-92D0-495D-B8EB-363250F23CA0}.Debug|Any CPU.ActiveCfg = Debug|Any CPU
		{9E8AE40E-92D0-495D-B8EB-363250F23CA0}.Debug|Any CPU.Build.0 = Debug|Any CPU
		{9E8AE40E-92D0-495D-B8EB-363250F23CA0}.Debug|x64.ActiveCfg = Debug|Any CPU
		{9E8AE40E-92D0-495D-B8EB-363250F23CA0}.Debug|x64.Build.0 = Debug|Any CPU
		{9E8AE40E-92D0-495D-B8EB-363250F23CA0}.Debug|x86.ActiveCfg = Debug|Any CPU
		{9E8AE40E-92D0-495D-B8EB-363250F23CA0}.Debug|x86.Build.0 = Debug|Any CPU
		{9E8AE40E-92D0-495D-B8EB-363250F23CA0}.Release|Any CPU.ActiveCfg = Release|Any CPU
		{9E8AE40E-92D0-495D-B8EB-363250F23CA0}.Release|Any CPU.Build.0 = Release|Any CPU
		{9E8AE40E-92D0-495D-B8EB-363250F23CA0}.Release|x64.ActiveCfg = Release|Any CPU
		{9E8AE40E-92D0-495D-B8EB-363250F23CA0}.Release|x64.Build.0 = Release|Any CPU
		{9E8AE40E-92D0-495D-B8EB-363250F23CA0}.Release|x86.ActiveCfg = Release|Any CPU
		{9E8AE40E-92D0-495D-B8EB-363250F23CA0}.Release|x86.Build.0 = Release|Any CPU
	EndGlobalSection
	GlobalSection(SolutionProperties) = preSolution
		HideSolutionNode = FALSE
	EndGlobalSection
	GlobalSection(NestedProjects) = preSolution
		{851C162B-3E9B-4717-B45B-B02C23296C92} = {827E0CD3-B72D-47B6-A68D-7590B98EB39B}
		{42FCBB9E-8D9D-4919-BEA1-65F4116D8322} = {827E0CD3-B72D-47B6-A68D-7590B98EB39B}
		{9E8AE40E-92D0-495D-B8EB-363250F23CA0} = {827E0CD3-B72D-47B6-A68D-7590B98EB39B}
	EndGlobalSection
EndGlobal
